
Microsoft Visual Studio Solution File, Format Version 12.00
# Visual Studio 15
VisualStudioVersion = 15.0.28307.329
MinimumVisualStudioVersion = 10.0.40219.1
Project("{FAE04EC0-301F-11D3-BF4B-00C04F79EFBC}") = "WpWebGL", "WpWebGL\WpWebGL.csproj", "{1D030C72-4AA8-4153-8672-52AE030591DB}"
EndProject
Global
	GlobalSection(SolutionConfigurationPlatforms) = preSolution
		Debug|Any CPU = Debug|Any CPU
		Release|Any CPU = Release|Any CPU
	EndGlobalSection
	GlobalSection(ProjectConfigurationPlatforms) = postSolution
		{1D030C72-4AA8-4153-8672-52AE030591DB}.Debug|Any CPU.ActiveCfg = Debug|Any CPU
		{1D030C72-4AA8-4153-8672-52AE030591DB}.Debug|Any CPU.Build.0 = Debug|Any CPU
		{1D030C72-4AA8-4153-8672-52AE030591DB}.Release|Any CPU.ActiveCfg = Release|Any CPU
		{1D030C72-4AA8-4153-8672-52AE030591DB}.Release|Any CPU.Build.0 = Release|Any CPU
	EndGlobalSection
	GlobalSection(SolutionProperties) = preSolution
		HideSolutionNode = FALSE
	EndGlobalSection
	GlobalSection(ExtensibilityGlobals) = postSolution
		SolutionGuid = {C6AEFF70-1D47-42A2-957F-DBCA8E5A4586}
	EndGlobalSection
EndGlobal
